// !$*UTF8*$!
{
	archiveVersion = 1;
	classes = {
	};
	objectVersion = 51;
	objects = {

/* Begin PBXBuildFile section */
		68077DF7F820665B038D4AE6 /* Pods_ZQOpenTools.framework in Frameworks */ = {isa = PBXBuildFile; fileRef = 412320F3E04DD4C6D3F83DCE /* Pods_ZQOpenTools.framework */; };
		95324F04243345CB00C8A7ED /* ZQBaseASViewController.swift in Sources */ = {isa = PBXBuildFile; fileRef = 95324F03243345CB00C8A7ED /* ZQBaseASViewController.swift */; };
		9533AF5524161A7D00EE0BCF /* ZQMoyaAPI.swift in Sources */ = {isa = PBXBuildFile; fileRef = 9533AF5424161A7D00EE0BCF /* ZQMoyaAPI.swift */; };
		9533AF58241641EC00EE0BCF /* Observable+HandyJSON.swift in Sources */ = {isa = PBXBuildFile; fileRef = 9533AF57241641EC00EE0BCF /* Observable+HandyJSON.swift */; };
		9537556D242B537C00F9AC69 /* ZQPostModel.swift in Sources */ = {isa = PBXBuildFile; fileRef = 9537556C242B537C00F9AC69 /* ZQPostModel.swift */; };
		95399FE22434470B00991E39 /* ZQTextureRelationNode.swift in Sources */ = {isa = PBXBuildFile; fileRef = 95399FE12434470B00991E39 /* ZQTextureRelationNode.swift */; };
		95399FE424346D9100991E39 /* ZQTextureRelationCellNode.swift in Sources */ = {isa = PBXBuildFile; fileRef = 95399FE324346D9100991E39 /* ZQTextureRelationCellNode.swift */; };
		95399FE72434709100991E39 /* detail_more_down@3x.png in Resources */ = {isa = PBXBuildFile; fileRef = 95399FE52434709100991E39 /* detail_more_down@3x.png */; };
		95399FE82434709100991E39 /* detail_more_down@2x.png in Resources */ = {isa = PBXBuildFile; fileRef = 95399FE62434709100991E39 /* detail_more_down@2x.png */; };
		95399FEB24347A8B00991E39 /* detail_time@3x.png in Resources */ = {isa = PBXBuildFile; fileRef = 95399FE924347A8A00991E39 /* detail_time@3x.png */; };
		95399FEC24347A8B00991E39 /* detail_time@2x.png in Resources */ = {isa = PBXBuildFile; fileRef = 95399FEA24347A8B00991E39 /* detail_time@2x.png */; };
		9539A455243F249A00825901 /* ZQTextureDetailController.swift in Sources */ = {isa = PBXBuildFile; fileRef = 9539A454243F249A00825901 /* ZQTextureDetailController.swift */; };
		953CAFF524132EAC004C621D /* ZQAppDelegate.swift in Sources */ = {isa = PBXBuildFile; fileRef = 953CAFF424132EAC004C621D /* ZQAppDelegate.swift */; };
		953CAFF724132EAC004C621D /* ZQSceneDelegate.swift in Sources */ = {isa = PBXBuildFile; fileRef = 953CAFF624132EAC004C621D /* ZQSceneDelegate.swift */; };
		953CAFF924132EAC004C621D /* ZQRootController.swift in Sources */ = {isa = PBXBuildFile; fileRef = 953CAFF824132EAC004C621D /* ZQRootController.swift */; };
		953CAFFE24132EAD004C621D /* Assets.xcassets in Resources */ = {isa = PBXBuildFile; fileRef = 953CAFFD24132EAD004C621D /* Assets.xcassets */; };
		953CB00124132EAD004C621D /* LaunchScreen.storyboard in Resources */ = {isa = PBXBuildFile; fileRef = 953CAFFF24132EAD004C621D /* LaunchScreen.storyboard */; };
		953CB00C24132EAD004C621D /* ZQOpenToolsTests.swift in Sources */ = {isa = PBXBuildFile; fileRef = 953CB00B24132EAD004C621D /* ZQOpenToolsTests.swift */; };
		953CB01724132EAD004C621D /* ZQOpenToolsUITests.swift in Sources */ = {isa = PBXBuildFile; fileRef = 953CB01624132EAD004C621D /* ZQOpenToolsUITests.swift */; };
		953CB02524133356004C621D /* ZQBaseController.swift in Sources */ = {isa = PBXBuildFile; fileRef = 953CB02424133356004C621D /* ZQBaseController.swift */; };
		953CB027241334D3004C621D /* ZQHeader.swift in Sources */ = {isa = PBXBuildFile; fileRef = 953CB026241334D3004C621D /* ZQHeader.swift */; };
		953CB02924133A67004C621D /* ZQExtensions.swift in Sources */ = {isa = PBXBuildFile; fileRef = 953CB02824133A67004C621D /* ZQExtensions.swift */; };
		953CB02C24133DFF004C621D /* ZQMoyaController.swift in Sources */ = {isa = PBXBuildFile; fileRef = 953CB02B24133DFF004C621D /* ZQMoyaController.swift */; };
		953CB03024134514004C621D /* ZQMoyaManager.swift in Sources */ = {isa = PBXBuildFile; fileRef = 953CB02F24134514004C621D /* ZQMoyaManager.swift */; };
		953DE6702433139D00E4A949 /* ZQTextureModel.swift in Sources */ = {isa = PBXBuildFile; fileRef = 953DE66F2433139D00E4A949 /* ZQTextureModel.swift */; };
		953DE6732433159100E4A949 /* ZQTextureViewModel.swift in Sources */ = {isa = PBXBuildFile; fileRef = 953DE6722433159100E4A949 /* ZQTextureViewModel.swift */; };
		9543AF60242EF4F800117032 /* ZQPromiseController.swift in Sources */ = {isa = PBXBuildFile; fileRef = 9543AF5F242EF4F800117032 /* ZQPromiseController.swift */; };
		954402C92431978600594C36 /* placeholder@2x.png in Resources */ = {isa = PBXBuildFile; fileRef = 954402C72431978500594C36 /* placeholder@2x.png */; };
		954402CA2431978600594C36 /* placeholder@3x.png in Resources */ = {isa = PBXBuildFile; fileRef = 954402C82431978600594C36 /* placeholder@3x.png */; };
		954402CE2431CEB200594C36 /* ZQTextureController.swift in Sources */ = {isa = PBXBuildFile; fileRef = 954402CD2431CEB200594C36 /* ZQTextureController.swift */; };
		95478B672446A8310042BCBA /* ZQTextureListCellNode.swift in Sources */ = {isa = PBXBuildFile; fileRef = 95478B662446A8310042BCBA /* ZQTextureListCellNode.swift */; };
		95478B692446B2800042BCBA /* list_wark.png in Resources */ = {isa = PBXBuildFile; fileRef = 95478B682446B2800042BCBA /* list_wark.png */; };
		955692A72430463C005CF750 /* ZQRefreshController.swift in Sources */ = {isa = PBXBuildFile; fileRef = 955692A62430463C005CF750 /* ZQRefreshController.swift */; };
		955692AD243087E4005CF750 /* ZQRefreshView.swift in Sources */ = {isa = PBXBuildFile; fileRef = 955692AC243087E4005CF750 /* ZQRefreshView.swift */; };
		955692B12430CD9E005CF750 /* ZQKingfisherController.swift in Sources */ = {isa = PBXBuildFile; fileRef = 955692B02430CD9E005CF750 /* ZQKingfisherController.swift */; };
		955BF60024337D42000AF568 /* detail_userType@3x.png in Resources */ = {isa = PBXBuildFile; fileRef = 955BF5FE24337D42000AF568 /* detail_userType@3x.png */; };
		955BF60124337D42000AF568 /* detail_userType@2x.png in Resources */ = {isa = PBXBuildFile; fileRef = 955BF5FF24337D42000AF568 /* detail_userType@2x.png */; };
		955BF60424337E52000AF568 /* ZQCustomASNode.swift in Sources */ = {isa = PBXBuildFile; fileRef = 955BF60324337E52000AF568 /* ZQCustomASNode.swift */; };
		955BF60B243386EA000AF568 /* detail_comment@2x.png in Resources */ = {isa = PBXBuildFile; fileRef = 955BF605243386E9000AF568 /* detail_comment@2x.png */; };
		955BF60C243386EA000AF568 /* detail_comment@3x.png in Resources */ = {isa = PBXBuildFile; fileRef = 955BF606243386E9000AF568 /* detail_comment@3x.png */; };
		955BF60D243386EA000AF568 /* detail_like@2x.png in Resources */ = {isa = PBXBuildFile; fileRef = 955BF607243386E9000AF568 /* detail_like@2x.png */; };
		955BF60E243386EA000AF568 /* detail_like@3x.png in Resources */ = {isa = PBXBuildFile; fileRef = 955BF608243386E9000AF568 /* detail_like@3x.png */; };
		955BF60F243386EA000AF568 /* detail_watch@2x.png in Resources */ = {isa = PBXBuildFile; fileRef = 955BF609243386E9000AF568 /* detail_watch@2x.png */; };
		955BF610243386EA000AF568 /* detail_watch@3x.png in Resources */ = {isa = PBXBuildFile; fileRef = 955BF60A243386EA000AF568 /* detail_watch@3x.png */; };
		955BF6132433879F000AF568 /* detail_like_selected@2x.png in Resources */ = {isa = PBXBuildFile; fileRef = 955BF6112433879F000AF568 /* detail_like_selected@2x.png */; };
		955BF6142433879F000AF568 /* detail_like_selected@3x.png in Resources */ = {isa = PBXBuildFile; fileRef = 955BF6122433879F000AF568 /* detail_like_selected@3x.png */; };
		955FC25F242F3C2800D724C7 /* ZQLottieController.swift in Sources */ = {isa = PBXBuildFile; fileRef = 955FC25E242F3C2800D724C7 /* ZQLottieController.swift */; };
		955FC269242F3EB000D724C7 /* 226-splashy-loader.json in Resources */ = {isa = PBXBuildFile; fileRef = 955FC261242F3EAA00D724C7 /* 226-splashy-loader.json */; };
		955FC26A242F3EB000D724C7 /* empty_status.json in Resources */ = {isa = PBXBuildFile; fileRef = 955FC262242F3EAA00D724C7 /* empty_status.json */; };
		955FC26B242F3EB000D724C7 /* 201-simple-loader.json in Resources */ = {isa = PBXBuildFile; fileRef = 955FC263242F3EAB00D724C7 /* 201-simple-loader.json */; };
		955FC26C242F3EB000D724C7 /* wallet_&_coin.json in Resources */ = {isa = PBXBuildFile; fileRef = 955FC264242F3EAC00D724C7 /* wallet_&_coin.json */; };
		955FC26D242F3EB000D724C7 /* loading_animation.json in Resources */ = {isa = PBXBuildFile; fileRef = 955FC265242F3EAD00D724C7 /* loading_animation.json */; };
		955FC26F242F3EB000D724C7 /* 3d_rotate_loading_animation.json in Resources */ = {isa = PBXBuildFile; fileRef = 955FC267242F3EAE00D724C7 /* 3d_rotate_loading_animation.json */; };
		955FC270242F3EB000D724C7 /* glow_loading.json in Resources */ = {isa = PBXBuildFile; fileRef = 955FC268242F3EAF00D724C7 /* glow_loading.json */; };
		955FC286242F82C800D724C7 /* FirstText.json in Resources */ = {isa = PBXBuildFile; fileRef = 955FC271242F82BE00D724C7 /* FirstText.json */; };
		955FC287242F82C800D724C7 /* PinJump.json in Resources */ = {isa = PBXBuildFile; fileRef = 955FC272242F82BE00D724C7 /* PinJump.json */; };
		955FC288242F82C800D724C7 /* TwitterHeartButton.json in Resources */ = {isa = PBXBuildFile; fileRef = 955FC273242F82BE00D724C7 /* TwitterHeartButton.json */; };
		955FC289242F82C800D724C7 /* DisableNodesTest.json in Resources */ = {isa = PBXBuildFile; fileRef = 955FC274242F82BF00D724C7 /* DisableNodesTest.json */; };
		955FC28A242F82C800D724C7 /* MotionCorpse-Jrcanest.json in Resources */ = {isa = PBXBuildFile; fileRef = 955FC275242F82C200D724C7 /* MotionCorpse-Jrcanest.json */; };
		955FC28B242F82C800D724C7 /* base64Test.json in Resources */ = {isa = PBXBuildFile; fileRef = 955FC276242F82C300D724C7 /* base64Test.json */; };
		955FC28C242F82C800D724C7 /* Boat_Loader.json in Resources */ = {isa = PBXBuildFile; fileRef = 955FC277242F82C300D724C7 /* Boat_Loader.json */; };
		955FC28D242F82C800D724C7 /* 9squares-AlBoardman.json in Resources */ = {isa = PBXBuildFile; fileRef = 955FC278242F82C300D724C7 /* 9squares-AlBoardman.json */; };
		955FC28E242F82C800D724C7 /* Switch_States.json in Resources */ = {isa = PBXBuildFile; fileRef = 955FC279242F82C400D724C7 /* Switch_States.json */; };
		955FC28F242F82C800D724C7 /* setValueTest.json in Resources */ = {isa = PBXBuildFile; fileRef = 955FC27A242F82C400D724C7 /* setValueTest.json */; };
		955FC290242F82C800D724C7 /* keypathTest.json in Resources */ = {isa = PBXBuildFile; fileRef = 955FC27B242F82C500D724C7 /* keypathTest.json */; };
		955FC291242F82C800D724C7 /* TwitterHeart.json in Resources */ = {isa = PBXBuildFile; fileRef = 955FC27C242F82C500D724C7 /* TwitterHeart.json */; };
		955FC292242F82C800D724C7 /* timeremap.json in Resources */ = {isa = PBXBuildFile; fileRef = 955FC27D242F82C500D724C7 /* timeremap.json */; };
		955FC293242F82C800D724C7 /* LottieLogo2.json in Resources */ = {isa = PBXBuildFile; fileRef = 955FC27E242F82C600D724C7 /* LottieLogo2.json */; };
		955FC294242F82C800D724C7 /* HamburgerArrow.json in Resources */ = {isa = PBXBuildFile; fileRef = 955FC27F242F82C600D724C7 /* HamburgerArrow.json */; };
		955FC295242F82C800D724C7 /* IconTransitions.json in Resources */ = {isa = PBXBuildFile; fileRef = 955FC280242F82C700D724C7 /* IconTransitions.json */; };
		955FC296242F82C800D724C7 /* GeometryTransformTest.json in Resources */ = {isa = PBXBuildFile; fileRef = 955FC281242F82C700D724C7 /* GeometryTransformTest.json */; };
		955FC297242F82C800D724C7 /* Keypath.json in Resources */ = {isa = PBXBuildFile; fileRef = 955FC282242F82C700D724C7 /* Keypath.json */; };
		955FC298242F82C800D724C7 /* Switch.json in Resources */ = {isa = PBXBuildFile; fileRef = 955FC283242F82C700D724C7 /* Switch.json */; };
		955FC299242F82C800D724C7 /* LottieLogo1_masked.json in Resources */ = {isa = PBXBuildFile; fileRef = 955FC284242F82C700D724C7 /* LottieLogo1_masked.json */; };
		955FC29A242F82C800D724C7 /* LottieLogo1.json in Resources */ = {isa = PBXBuildFile; fileRef = 955FC285242F82C800D724C7 /* LottieLogo1.json */; };
		95657FA5243848C200AE21AF /* ZQBaseViewModel.swift in Sources */ = {isa = PBXBuildFile; fileRef = 95657FA4243848C200AE21AF /* ZQBaseViewModel.swift */; };
		95657FA824384A0F00AE21AF /* ZQPageFetchProtocol.swift in Sources */ = {isa = PBXBuildFile; fileRef = 95657FA724384A0F00AE21AF /* ZQPageFetchProtocol.swift */; };
		95657FAA2438578400AE21AF /* ZQBaseModel.swift in Sources */ = {isa = PBXBuildFile; fileRef = 95657FA92438578400AE21AF /* ZQBaseModel.swift */; };
		95657FAC243863EC00AE21AF /* ZQTextureCommentCellNode.swift in Sources */ = {isa = PBXBuildFile; fileRef = 95657FAB243863EC00AE21AF /* ZQTextureCommentCellNode.swift */; };
		957322D72437373D00252A2A /* ZQTextureCommentNode.swift in Sources */ = {isa = PBXBuildFile; fileRef = 957322D62437373D00252A2A /* ZQTextureCommentNode.swift */; };
		9580D27924332A6700296BED /* ZQTextureHeaderNode.swift in Sources */ = {isa = PBXBuildFile; fileRef = 9580D27824332A6700296BED /* ZQTextureHeaderNode.swift */; };
		9FAB80460F0E5EE741C54C12 /* Pods_ZQOpenTools_ZQOpenToolsUITests.framework in Frameworks */ = {isa = PBXBuildFile; fileRef = 26368AD5864BE3D0A06FE454 /* Pods_ZQOpenTools_ZQOpenToolsUITests.framework */; };
		E36D5A8CC88825A5D5F3212E /* Pods_ZQOpenToolsTests.framework in Frameworks */ = {isa = PBXBuildFile; fileRef = F9B44AFFC2942FD75246DE87 /* Pods_ZQOpenToolsTests.framework */; };
/* End PBXBuildFile section */

/* Begin PBXContainerItemProxy section */
		953CB00824132EAD004C621D /* PBXContainerItemProxy */ = {
			isa = PBXContainerItemProxy;
			containerPortal = 953CAFE924132EAC004C621D /* Project object */;
			proxyType = 1;
			remoteGlobalIDString = 953CAFF024132EAC004C621D;
			remoteInfo = ZQOpenTools;
		};
		953CB01324132EAD004C621D /* PBXContainerItemProxy */ = {
			isa = PBXContainerItemProxy;
			containerPortal = 953CAFE924132EAC004C621D /* Project object */;
			proxyType = 1;
			remoteGlobalIDString = 953CAFF024132EAC004C621D;
			remoteInfo = ZQOpenTools;
		};
/* End PBXContainerItemProxy section */

/* Begin PBXFileReference section */
		2489674F78964752DDB93665 /* Pods-ZQOpenTools-ZQOpenToolsUITests.release.xcconfig */ = {isa = PBXFileReference; includeInIndex = 1; lastKnownFileType = text.xcconfig; name = "Pods-ZQOpenTools-ZQOpenToolsUITests.release.xcconfig"; path = "Target Support Files/Pods-ZQOpenTools-ZQOpenToolsUITests/Pods-ZQOpenTools-ZQOpenToolsUITests.release.xcconfig"; sourceTree = "<group>"; };
		26368AD5864BE3D0A06FE454 /* Pods_ZQOpenTools_ZQOpenToolsUITests.framework */ = {isa = PBXFileReference; explicitFileType = wrapper.framework; includeInIndex = 0; path = Pods_ZQOpenTools_ZQOpenToolsUITests.framework; sourceTree = BUILT_PRODUCTS_DIR; };
		412320F3E04DD4C6D3F83DCE /* Pods_ZQOpenTools.framework */ = {isa = PBXFileReference; explicitFileType = wrapper.framework; includeInIndex = 0; path = Pods_ZQOpenTools.framework; sourceTree = BUILT_PRODUCTS_DIR; };
		4EFB7134EDCDDB9756A0598B /* Pods-ZQOpenTools.release.xcconfig */ = {isa = PBXFileReference; includeInIndex = 1; lastKnownFileType = text.xcconfig; name = "Pods-ZQOpenTools.release.xcconfig"; path = "Target Support Files/Pods-ZQOpenTools/Pods-ZQOpenTools.release.xcconfig"; sourceTree = "<group>"; };
		549C13D5C1E994296B3A8D5A /* Pods-ZQOpenToolsTests.debug.xcconfig */ = {isa = PBXFileReference; includeInIndex = 1; lastKnownFileType = text.xcconfig; name = "Pods-ZQOpenToolsTests.debug.xcconfig"; path = "Target Support Files/Pods-ZQOpenToolsTests/Pods-ZQOpenToolsTests.debug.xcconfig"; sourceTree = "<group>"; };
		69722F1D5295163C3D706BDD /* Pods-ZQOpenTools-ZQOpenToolsUITests.debug.xcconfig */ = {isa = PBXFileReference; includeInIndex = 1; lastKnownFileType = text.xcconfig; name = "Pods-ZQOpenTools-ZQOpenToolsUITests.debug.xcconfig"; path = "Target Support Files/Pods-ZQOpenTools-ZQOpenToolsUITests/Pods-ZQOpenTools-ZQOpenToolsUITests.debug.xcconfig"; sourceTree = "<group>"; };
		95324F03243345CB00C8A7ED /* ZQBaseASViewController.swift */ = {isa = PBXFileReference; lastKnownFileType = sourcecode.swift; path = ZQBaseASViewController.swift; sourceTree = "<group>"; };
		9533AF5424161A7D00EE0BCF /* ZQMoyaAPI.swift */ = {isa = PBXFileReference; lastKnownFileType = sourcecode.swift; path = ZQMoyaAPI.swift; sourceTree = "<group>"; };
		9533AF57241641EC00EE0BCF /* Observable+HandyJSON.swift */ = {isa = PBXFileReference; lastKnownFileType = sourcecode.swift; path = "Observable+HandyJSON.swift"; sourceTree = "<group>"; };
		9537556C242B537C00F9AC69 /* ZQPostModel.swift */ = {isa = PBXFileReference; lastKnownFileType = sourcecode.swift; path = ZQPostModel.swift; sourceTree = "<group>"; };
		95399FE12434470B00991E39 /* ZQTextureRelationNode.swift */ = {isa = PBXFileReference; lastKnownFileType = sourcecode.swift; path = ZQTextureRelationNode.swift; sourceTree = "<group>"; };
		95399FE324346D9100991E39 /* ZQTextureRelationCellNode.swift */ = {isa = PBXFileReference; lastKnownFileType = sourcecode.swift; path = ZQTextureRelationCellNode.swift; sourceTree = "<group>"; };
		95399FE52434709100991E39 /* detail_more_down@3x.png */ = {isa = PBXFileReference; lastKnownFileType = image.png; path = "detail_more_down@3x.png"; sourceTree = "<group>"; };
		95399FE62434709100991E39 /* detail_more_down@2x.png */ = {isa = PBXFileReference; lastKnownFileType = image.png; path = "detail_more_down@2x.png"; sourceTree = "<group>"; };
		95399FE924347A8A00991E39 /* detail_time@3x.png */ = {isa = PBXFileReference; lastKnownFileType = image.png; path = "detail_time@3x.png"; sourceTree = "<group>"; };
		95399FEA24347A8B00991E39 /* detail_time@2x.png */ = {isa = PBXFileReference; lastKnownFileType = image.png; path = "detail_time@2x.png"; sourceTree = "<group>"; };
		9539A454243F249A00825901 /* ZQTextureDetailController.swift */ = {isa = PBXFileReference; lastKnownFileType = sourcecode.swift; path = ZQTextureDetailController.swift; sourceTree = "<group>"; };
		953CAFF124132EAC004C621D /* ZQOpenTools.app */ = {isa = PBXFileReference; explicitFileType = wrapper.application; includeInIndex = 0; path = ZQOpenTools.app; sourceTree = BUILT_PRODUCTS_DIR; };
		953CAFF424132EAC004C621D /* ZQAppDelegate.swift */ = {isa = PBXFileReference; lastKnownFileType = sourcecode.swift; path = ZQAppDelegate.swift; sourceTree = "<group>"; };
		953CAFF624132EAC004C621D /* ZQSceneDelegate.swift */ = {isa = PBXFileReference; lastKnownFileType = sourcecode.swift; path = ZQSceneDelegate.swift; sourceTree = "<group>"; };
		953CAFF824132EAC004C621D /* ZQRootController.swift */ = {isa = PBXFileReference; lastKnownFileType = sourcecode.swift; path = ZQRootController.swift; sourceTree = "<group>"; };
		953CAFFD24132EAD004C621D /* Assets.xcassets */ = {isa = PBXFileReference; lastKnownFileType = folder.assetcatalog; path = Assets.xcassets; sourceTree = "<group>"; };
		953CB00024132EAD004C621D /* Base */ = {isa = PBXFileReference; lastKnownFileType = file.storyboard; name = Base; path = Base.lproj/LaunchScreen.storyboard; sourceTree = "<group>"; };
		953CB00224132EAD004C621D /* Info.plist */ = {isa = PBXFileReference; lastKnownFileType = text.plist.xml; path = Info.plist; sourceTree = "<group>"; };
		953CB00724132EAD004C621D /* ZQOpenToolsTests.xctest */ = {isa = PBXFileReference; explicitFileType = wrapper.cfbundle; includeInIndex = 0; path = ZQOpenToolsTests.xctest; sourceTree = BUILT_PRODUCTS_DIR; };
		953CB00B24132EAD004C621D /* ZQOpenToolsTests.swift */ = {isa = PBXFileReference; lastKnownFileType = sourcecode.swift; path = ZQOpenToolsTests.swift; sourceTree = "<group>"; };
		953CB00D24132EAD004C621D /* Info.plist */ = {isa = PBXFileReference; lastKnownFileType = text.plist.xml; path = Info.plist; sourceTree = "<group>"; };
		953CB01224132EAD004C621D /* ZQOpenToolsUITests.xctest */ = {isa = PBXFileReference; explicitFileType = wrapper.cfbundle; includeInIndex = 0; path = ZQOpenToolsUITests.xctest; sourceTree = BUILT_PRODUCTS_DIR; };
		953CB01624132EAD004C621D /* ZQOpenToolsUITests.swift */ = {isa = PBXFileReference; lastKnownFileType = sourcecode.swift; path = ZQOpenToolsUITests.swift; sourceTree = "<group>"; };
		953CB01824132EAD004C621D /* Info.plist */ = {isa = PBXFileReference; lastKnownFileType = text.plist.xml; path = Info.plist; sourceTree = "<group>"; };
		953CB02424133356004C621D /* ZQBaseController.swift */ = {isa = PBXFileReference; lastKnownFileType = sourcecode.swift; path = ZQBaseController.swift; sourceTree = "<group>"; };
		953CB026241334D3004C621D /* ZQHeader.swift */ = {isa = PBXFileReference; lastKnownFileType = sourcecode.swift; path = ZQHeader.swift; sourceTree = "<group>"; };
		953CB02824133A67004C621D /* ZQExtensions.swift */ = {isa = PBXFileReference; lastKnownFileType = sourcecode.swift; path = ZQExtensions.swift; sourceTree = "<group>"; };
		953CB02B24133DFF004C621D /* ZQMoyaController.swift */ = {isa = PBXFileReference; lastKnownFileType = sourcecode.swift; path = ZQMoyaController.swift; sourceTree = "<group>"; };
		953CB02F24134514004C621D /* ZQMoyaManager.swift */ = {isa = PBXFileReference; lastKnownFileType = sourcecode.swift; path = ZQMoyaManager.swift; sourceTree = "<group>"; };
		953DE66F2433139D00E4A949 /* ZQTextureModel.swift */ = {isa = PBXFileReference; lastKnownFileType = sourcecode.swift; path = ZQTextureModel.swift; sourceTree = "<group>"; };
		953DE6722433159100E4A949 /* ZQTextureViewModel.swift */ = {isa = PBXFileReference; lastKnownFileType = sourcecode.swift; path = ZQTextureViewModel.swift; sourceTree = "<group>"; };
		9543AF5F242EF4F800117032 /* ZQPromiseController.swift */ = {isa = PBXFileReference; lastKnownFileType = sourcecode.swift; path = ZQPromiseController.swift; sourceTree = "<group>"; };
		954402C72431978500594C36 /* placeholder@2x.png */ = {isa = PBXFileReference; lastKnownFileType = image.png; path = "placeholder@2x.png"; sourceTree = "<group>"; };
		954402C82431978600594C36 /* placeholder@3x.png */ = {isa = PBXFileReference; lastKnownFileType = image.png; path = "placeholder@3x.png"; sourceTree = "<group>"; };
		954402CD2431CEB200594C36 /* ZQTextureController.swift */ = {isa = PBXFileReference; lastKnownFileType = sourcecode.swift; path = ZQTextureController.swift; sourceTree = "<group>"; };
		95478B662446A8310042BCBA /* ZQTextureListCellNode.swift */ = {isa = PBXFileReference; lastKnownFileType = sourcecode.swift; path = ZQTextureListCellNode.swift; sourceTree = "<group>"; };
		95478B682446B2800042BCBA /* list_wark.png */ = {isa = PBXFileReference; lastKnownFileType = image.png; path = list_wark.png; sourceTree = "<group>"; };
		955692A62430463C005CF750 /* ZQRefreshController.swift */ = {isa = PBXFileReference; lastKnownFileType = sourcecode.swift; path = ZQRefreshController.swift; sourceTree = "<group>"; };
		955692AC243087E4005CF750 /* ZQRefreshView.swift */ = {isa = PBXFileReference; lastKnownFileType = sourcecode.swift; path = ZQRefreshView.swift; sourceTree = "<group>"; };
		955692B02430CD9E005CF750 /* ZQKingfisherController.swift */ = {isa = PBXFileReference; lastKnownFileType = sourcecode.swift; path = ZQKingfisherController.swift; sourceTree = "<group>"; };
		955BF5FE24337D42000AF568 /* detail_userType@3x.png */ = {isa = PBXFileReference; lastKnownFileType = image.png; path = "detail_userType@3x.png"; sourceTree = "<group>"; };
		955BF5FF24337D42000AF568 /* detail_userType@2x.png */ = {isa = PBXFileReference; lastKnownFileType = image.png; path = "detail_userType@2x.png"; sourceTree = "<group>"; };
		955BF60324337E52000AF568 /* ZQCustomASNode.swift */ = {isa = PBXFileReference; lastKnownFileType = sourcecode.swift; path = ZQCustomASNode.swift; sourceTree = "<group>"; };
		955BF605243386E9000AF568 /* detail_comment@2x.png */ = {isa = PBXFileReference; lastKnownFileType = image.png; path = "detail_comment@2x.png"; sourceTree = "<group>"; };
		955BF606243386E9000AF568 /* detail_comment@3x.png */ = {isa = PBXFileReference; lastKnownFileType = image.png; path = "detail_comment@3x.png"; sourceTree = "<group>"; };
		955BF607243386E9000AF568 /* detail_like@2x.png */ = {isa = PBXFileReference; lastKnownFileType = image.png; path = "detail_like@2x.png"; sourceTree = "<group>"; };
		955BF608243386E9000AF568 /* detail_like@3x.png */ = {isa = PBXFileReference; lastKnownFileType = image.png; path = "detail_like@3x.png"; sourceTree = "<group>"; };
		955BF609243386E9000AF568 /* detail_watch@2x.png */ = {isa = PBXFileReference; lastKnownFileType = image.png; path = "detail_watch@2x.png"; sourceTree = "<group>"; };
		955BF60A243386EA000AF568 /* detail_watch@3x.png */ = {isa = PBXFileReference; lastKnownFileType = image.png; path = "detail_watch@3x.png"; sourceTree = "<group>"; };
		955BF6112433879F000AF568 /* detail_like_selected@2x.png */ = {isa = PBXFileReference; lastKnownFileType = image.png; path = "detail_like_selected@2x.png"; sourceTree = "<group>"; };
		955BF6122433879F000AF568 /* detail_like_selected@3x.png */ = {isa = PBXFileReference; lastKnownFileType = image.png; path = "detail_like_selected@3x.png"; sourceTree = "<group>"; };
		955FC25E242F3C2800D724C7 /* ZQLottieController.swift */ = {isa = PBXFileReference; lastKnownFileType = sourcecode.swift; path = ZQLottieController.swift; sourceTree = "<group>"; };
		955FC261242F3EAA00D724C7 /* 226-splashy-loader.json */ = {isa = PBXFileReference; fileEncoding = 4; lastKnownFileType = text.json; path = "226-splashy-loader.json"; sourceTree = "<group>"; };
		955FC262242F3EAA00D724C7 /* empty_status.json */ = {isa = PBXFileReference; fileEncoding = 4; lastKnownFileType = text.json; path = empty_status.json; sourceTree = "<group>"; };
		955FC263242F3EAB00D724C7 /* 201-simple-loader.json */ = {isa = PBXFileReference; fileEncoding = 4; lastKnownFileType = text.json; path = "201-simple-loader.json"; sourceTree = "<group>"; };
		955FC264242F3EAC00D724C7 /* wallet_&_coin.json */ = {isa = PBXFileReference; fileEncoding = 4; lastKnownFileType = text.json; path = "wallet_&_coin.json"; sourceTree = "<group>"; };
		955FC265242F3EAD00D724C7 /* loading_animation.json */ = {isa = PBXFileReference; fileEncoding = 4; lastKnownFileType = text.json; path = loading_animation.json; sourceTree = "<group>"; };
		955FC267242F3EAE00D724C7 /* 3d_rotate_loading_animation.json */ = {isa = PBXFileReference; fileEncoding = 4; lastKnownFileType = text.json; path = 3d_rotate_loading_animation.json; sourceTree = "<group>"; };
		955FC268242F3EAF00D724C7 /* glow_loading.json */ = {isa = PBXFileReference; fileEncoding = 4; lastKnownFileType = text.json; path = glow_loading.json; sourceTree = "<group>"; };
		955FC271242F82BE00D724C7 /* FirstText.json */ = {isa = PBXFileReference; fileEncoding = 4; lastKnownFileType = text.json; path = FirstText.json; sourceTree = "<group>"; };
		955FC272242F82BE00D724C7 /* PinJump.json */ = {isa = PBXFileReference; fileEncoding = 4; lastKnownFileType = text.json; path = PinJump.json; sourceTree = "<group>"; };
		955FC273242F82BE00D724C7 /* TwitterHeartButton.json */ = {isa = PBXFileReference; fileEncoding = 4; lastKnownFileType = text.json; path = TwitterHeartButton.json; sourceTree = "<group>"; };
		955FC274242F82BF00D724C7 /* DisableNodesTest.json */ = {isa = PBXFileReference; fileEncoding = 4; lastKnownFileType = text.json; path = DisableNodesTest.json; sourceTree = "<group>"; };
		955FC275242F82C200D724C7 /* MotionCorpse-Jrcanest.json */ = {isa = PBXFileReference; fileEncoding = 4; lastKnownFileType = text.json; path = "MotionCorpse-Jrcanest.json"; sourceTree = "<group>"; };
		955FC276242F82C300D724C7 /* base64Test.json */ = {isa = PBXFileReference; fileEncoding = 4; lastKnownFileType = text.json; path = base64Test.json; sourceTree = "<group>"; };
		955FC277242F82C300D724C7 /* Boat_Loader.json */ = {isa = PBXFileReference; fileEncoding = 4; lastKnownFileType = text.json; path = Boat_Loader.json; sourceTree = "<group>"; };
		955FC278242F82C300D724C7 /* 9squares-AlBoardman.json */ = {isa = PBXFileReference; fileEncoding = 4; lastKnownFileType = text.json; path = "9squares-AlBoardman.json"; sourceTree = "<group>"; };
		955FC279242F82C400D724C7 /* Switch_States.json */ = {isa = PBXFileReference; fileEncoding = 4; lastKnownFileType = text.json; path = Switch_States.json; sourceTree = "<group>"; };
		955FC27A242F82C400D724C7 /* setValueTest.json */ = {isa = PBXFileReference; fileEncoding = 4; lastKnownFileType = text.json; path = setValueTest.json; sourceTree = "<group>"; };
		955FC27B242F82C500D724C7 /* keypathTest.json */ = {isa = PBXFileReference; fileEncoding = 4; lastKnownFileType = text.json; path = keypathTest.json; sourceTree = "<group>"; };
		955FC27C242F82C500D724C7 /* TwitterHeart.json */ = {isa = PBXFileReference; fileEncoding = 4; lastKnownFileType = text.json; path = TwitterHeart.json; sourceTree = "<group>"; };
		955FC27D242F82C500D724C7 /* timeremap.json */ = {isa = PBXFileReference; fileEncoding = 4; lastKnownFileType = text.json; path = timeremap.json; sourceTree = "<group>"; };
		955FC27E242F82C600D724C7 /* LottieLogo2.json */ = {isa = PBXFileReference; fileEncoding = 4; lastKnownFileType = text.json; path = LottieLogo2.json; sourceTree = "<group>"; };
		955FC27F242F82C600D724C7 /* HamburgerArrow.json */ = {isa = PBXFileReference; fileEncoding = 4; lastKnownFileType = text.json; path = HamburgerArrow.json; sourceTree = "<group>"; };
		955FC280242F82C700D724C7 /* IconTransitions.json */ = {isa = PBXFileReference; fileEncoding = 4; lastKnownFileType = text.json; path = IconTransitions.json; sourceTree = "<group>"; };
		955FC281242F82C700D724C7 /* GeometryTransformTest.json */ = {isa = PBXFileReference; fileEncoding = 4; lastKnownFileType = text.json; path = GeometryTransformTest.json; sourceTree = "<group>"; };
		955FC282242F82C700D724C7 /* Keypath.json */ = {isa = PBXFileReference; fileEncoding = 4; lastKnownFileType = text.json; path = Keypath.json; sourceTree = "<group>"; };
		955FC283242F82C700D724C7 /* Switch.json */ = {isa = PBXFileReference; fileEncoding = 4; lastKnownFileType = text.json; path = Switch.json; sourceTree = "<group>"; };
		955FC284242F82C700D724C7 /* LottieLogo1_masked.json */ = {isa = PBXFileReference; fileEncoding = 4; lastKnownFileType = text.json; path = LottieLogo1_masked.json; sourceTree = "<group>"; };
		955FC285242F82C800D724C7 /* LottieLogo1.json */ = {isa = PBXFileReference; fileEncoding = 4; lastKnownFileType = text.json; path = LottieLogo1.json; sourceTree = "<group>"; };
		95657FA4243848C200AE21AF /* ZQBaseViewModel.swift */ = {isa = PBXFileReference; lastKnownFileType = sourcecode.swift; path = ZQBaseViewModel.swift; sourceTree = "<group>"; };
		95657FA724384A0F00AE21AF /* ZQPageFetchProtocol.swift */ = {isa = PBXFileReference; lastKnownFileType = sourcecode.swift; path = ZQPageFetchProtocol.swift; sourceTree = "<group>"; };
		95657FA92438578400AE21AF /* ZQBaseModel.swift */ = {isa = PBXFileReference; lastKnownFileType = sourcecode.swift; path = ZQBaseModel.swift; sourceTree = "<group>"; };
		95657FAB243863EC00AE21AF /* ZQTextureCommentCellNode.swift */ = {isa = PBXFileReference; lastKnownFileType = sourcecode.swift; path = ZQTextureCommentCellNode.swift; sourceTree = "<group>"; };
		957322D62437373D00252A2A /* ZQTextureCommentNode.swift */ = {isa = PBXFileReference; lastKnownFileType = sourcecode.swift; path = ZQTextureCommentNode.swift; sourceTree = "<group>"; };
		9580D27824332A6700296BED /* ZQTextureHeaderNode.swift */ = {isa = PBXFileReference; lastKnownFileType = sourcecode.swift; path = ZQTextureHeaderNode.swift; sourceTree = "<group>"; };
		A0E6C907DDAEDA9CA1812FF6 /* Pods-ZQOpenToolsTests.release.xcconfig */ = {isa = PBXFileReference; includeInIndex = 1; lastKnownFileType = text.xcconfig; name = "Pods-ZQOpenToolsTests.release.xcconfig"; path = "Target Support Files/Pods-ZQOpenToolsTests/Pods-ZQOpenToolsTests.release.xcconfig"; sourceTree = "<group>"; };
		E309CD568ABDA4F87E661A80 /* Pods-ZQOpenTools.debug.xcconfig */ = {isa = PBXFileReference; includeInIndex = 1; lastKnownFileType = text.xcconfig; name = "Pods-ZQOpenTools.debug.xcconfig"; path = "Target Support Files/Pods-ZQOpenTools/Pods-ZQOpenTools.debug.xcconfig"; sourceTree = "<group>"; };
		F9B44AFFC2942FD75246DE87 /* Pods_ZQOpenToolsTests.framework */ = {isa = PBXFileReference; explicitFileType = wrapper.framework; includeInIndex = 0; path = Pods_ZQOpenToolsTests.framework; sourceTree = BUILT_PRODUCTS_DIR; };
/* End PBXFileReference section */

/* Begin PBXFrameworksBuildPhase section */
		953CAFEE24132EAC004C621D /* Frameworks */ = {
			isa = PBXFrameworksBuildPhase;
			buildActionMask = 2147483647;
			files = (
				68077DF7F820665B038D4AE6 /* Pods_ZQOpenTools.framework in Frameworks */,
			);
			runOnlyForDeploymentPostprocessing = 0;
		};
		953CB00424132EAD004C621D /* Frameworks */ = {
			isa = PBXFrameworksBuildPhase;
			buildActionMask = 2147483647;
			files = (
				E36D5A8CC88825A5D5F3212E /* Pods_ZQOpenToolsTests.framework in Frameworks */,
			);
			runOnlyForDeploymentPostprocessing = 0;
		};
		953CB00F24132EAD004C621D /* Frameworks */ = {
			isa = PBXFrameworksBuildPhase;
			buildActionMask = 2147483647;
			files = (
				9FAB80460F0E5EE741C54C12 /* Pods_ZQOpenTools_ZQOpenToolsUITests.framework in Frameworks */,
			);
			runOnlyForDeploymentPostprocessing = 0;
		};
/* End PBXFrameworksBuildPhase section */

/* Begin PBXGroup section */
		0B10042731F729FACD567205 /* Frameworks */ = {
			isa = PBXGroup;
			children = (
				412320F3E04DD4C6D3F83DCE /* Pods_ZQOpenTools.framework */,
				26368AD5864BE3D0A06FE454 /* Pods_ZQOpenTools_ZQOpenToolsUITests.framework */,
				F9B44AFFC2942FD75246DE87 /* Pods_ZQOpenToolsTests.framework */,
			);
			name = Frameworks;
			sourceTree = "<group>";
		};
		8A331F667E26A0DD739A0802 /* Pods */ = {
			isa = PBXGroup;
			children = (
				E309CD568ABDA4F87E661A80 /* Pods-ZQOpenTools.debug.xcconfig */,
				4EFB7134EDCDDB9756A0598B /* Pods-ZQOpenTools.release.xcconfig */,
				69722F1D5295163C3D706BDD /* Pods-ZQOpenTools-ZQOpenToolsUITests.debug.xcconfig */,
				2489674F78964752DDB93665 /* Pods-ZQOpenTools-ZQOpenToolsUITests.release.xcconfig */,
				549C13D5C1E994296B3A8D5A /* Pods-ZQOpenToolsTests.debug.xcconfig */,
				A0E6C907DDAEDA9CA1812FF6 /* Pods-ZQOpenToolsTests.release.xcconfig */,
			);
			path = Pods;
			sourceTree = "<group>";
		};
		9533AF5624161A8300EE0BCF /* API */ = {
			isa = PBXGroup;
			children = (
				9533AF5424161A7D00EE0BCF /* ZQMoyaAPI.swift */,
			);
			path = API;
			sourceTree = "<group>";
		};
		9533AF59241641EF00EE0BCF /* Extension */ = {
			isa = PBXGroup;
			children = (
				9533AF57241641EC00EE0BCF /* Observable+HandyJSON.swift */,
			);
			path = Extension;
			sourceTree = "<group>";
		};
		9537556B242B4CF600F9AC69 /* Model */ = {
			isa = PBXGroup;
			children = (
				9537556C242B537C00F9AC69 /* ZQPostModel.swift */,
			);
			path = Model;
			sourceTree = "<group>";
		};
		953CAFE824132EAC004C621D = {
			isa = PBXGroup;
			children = (
				953CAFF324132EAC004C621D /* ZQOpenTools */,
				953CB00A24132EAD004C621D /* ZQOpenToolsTests */,
				953CB01524132EAD004C621D /* ZQOpenToolsUITests */,
				953CAFF224132EAC004C621D /* Products */,
				8A331F667E26A0DD739A0802 /* Pods */,
				0B10042731F729FACD567205 /* Frameworks */,
			);
			sourceTree = "<group>";
		};
		953CAFF224132EAC004C621D /* Products */ = {
			isa = PBXGroup;
			children = (
				953CAFF124132EAC004C621D /* ZQOpenTools.app */,
				953CB00724132EAD004C621D /* ZQOpenToolsTests.xctest */,
				953CB01224132EAD004C621D /* ZQOpenToolsUITests.xctest */,
			);
			name = Products;
			sourceTree = "<group>";
		};
		953CAFF324132EAC004C621D /* ZQOpenTools */ = {
			isa = PBXGroup;
			children = (
				954402CB2431CE8D00594C36 /* Texture */,
				955692AE2430CD79005CF750 /* Kingfisher */,
				955692A424304606005CF750 /* Refresh */,
				955FC25C242F3B7200D724C7 /* Lottie */,
				9543AF5D242EF4B800117032 /* Promise */,
				953CB02D2413403C004C621D /* Moya */,
				953CAFF424132EAC004C621D /* ZQAppDelegate.swift */,
				953CAFF624132EAC004C621D /* ZQSceneDelegate.swift */,
				953CB02424133356004C621D /* ZQBaseController.swift */,
				953CAFF824132EAC004C621D /* ZQRootController.swift */,
				953CAFFD24132EAD004C621D /* Assets.xcassets */,
				953CAFFF24132EAD004C621D /* LaunchScreen.storyboard */,
				953CB00224132EAD004C621D /* Info.plist */,
				953CB026241334D3004C621D /* ZQHeader.swift */,
				953CB02824133A67004C621D /* ZQExtensions.swift */,
			);
			path = ZQOpenTools;
			sourceTree = "<group>";
		};
		953CB00A24132EAD004C621D /* ZQOpenToolsTests */ = {
			isa = PBXGroup;
			children = (
				953CB00B24132EAD004C621D /* ZQOpenToolsTests.swift */,
				953CB00D24132EAD004C621D /* Info.plist */,
			);
			path = ZQOpenToolsTests;
			sourceTree = "<group>";
		};
		953CB01524132EAD004C621D /* ZQOpenToolsUITests */ = {
			isa = PBXGroup;
			children = (
				953CB01624132EAD004C621D /* ZQOpenToolsUITests.swift */,
				953CB01824132EAD004C621D /* Info.plist */,
			);
			path = ZQOpenToolsUITests;
			sourceTree = "<group>";
		};
		953CB02A24133DD1004C621D /* Controller */ = {
			isa = PBXGroup;
			children = (
				953CB02B24133DFF004C621D /* ZQMoyaController.swift */,
			);
			path = Controller;
			sourceTree = "<group>";
		};
		953CB02D2413403C004C621D /* Moya */ = {
			isa = PBXGroup;
			children = (
				9537556B242B4CF600F9AC69 /* Model */,
				9533AF59241641EF00EE0BCF /* Extension */,
				9533AF5624161A8300EE0BCF /* API */,
				953CB02E241344FB004C621D /* Manager */,
				953CB02A24133DD1004C621D /* Controller */,
			);
			path = Moya;
			sourceTree = "<group>";
		};
		953CB02E241344FB004C621D /* Manager */ = {
			isa = PBXGroup;
			children = (
				953CB02F24134514004C621D /* ZQMoyaManager.swift */,
			);
			path = Manager;
			sourceTree = "<group>";
		};
		953DE66E2433138100E4A949 /* Model */ = {
			isa = PBXGroup;
			children = (
				953DE66F2433139D00E4A949 /* ZQTextureModel.swift */,
			);
			path = Model;
			sourceTree = "<group>";
		};
		953DE671243314FF00E4A949 /* ViewModel */ = {
			isa = PBXGroup;
			children = (
				953DE6722433159100E4A949 /* ZQTextureViewModel.swift */,
			);
			path = ViewModel;
			sourceTree = "<group>";
		};
		9543AF5D242EF4B800117032 /* Promise */ = {
			isa = PBXGroup;
			children = (
				9543AF5E242EF4D300117032 /* Controller */,
			);
			path = Promise;
			sourceTree = "<group>";
		};
		9543AF5E242EF4D300117032 /* Controller */ = {
			isa = PBXGroup;
			children = (
				9543AF5F242EF4F800117032 /* ZQPromiseController.swift */,
			);
			path = Controller;
			sourceTree = "<group>";
		};
		954402C62431974A00594C36 /* Resources */ = {
			isa = PBXGroup;
			children = (
				954402C72431978500594C36 /* placeholder@2x.png */,
				954402C82431978600594C36 /* placeholder@3x.png */,
			);
			path = Resources;
			sourceTree = "<group>";
		};
		954402CB2431CE8D00594C36 /* Texture */ = {
			isa = PBXGroup;
			children = (
				95657FA62438499800AE21AF /* Protocol */,
				955BF60224337E1D000AF568 /* Base */,
				955BF5FD24337CFA000AF568 /* Resources */,
				9580D277243329E300296BED /* Node */,
				953DE671243314FF00E4A949 /* ViewModel */,
				953DE66E2433138100E4A949 /* Model */,
				954402CC2431CE9700594C36 /* Controller */,
			);
			path = Texture;
			sourceTree = "<group>";
		};
		954402CC2431CE9700594C36 /* Controller */ = {
			isa = PBXGroup;
			children = (
				954402CD2431CEB200594C36 /* ZQTextureController.swift */,
				9539A454243F249A00825901 /* ZQTextureDetailController.swift */,
			);
			path = Controller;
			sourceTree = "<group>";
		};
		955692A424304606005CF750 /* Refresh */ = {
			isa = PBXGroup;
			children = (
				955692AB24308471005CF750 /* View */,
				955692A524304613005CF750 /* Controller */,
			);
			path = Refresh;
			sourceTree = "<group>";
		};
		955692A524304613005CF750 /* Controller */ = {
			isa = PBXGroup;
			children = (
				955692A62430463C005CF750 /* ZQRefreshController.swift */,
			);
			path = Controller;
			sourceTree = "<group>";
		};
		955692AB24308471005CF750 /* View */ = {
			isa = PBXGroup;
			children = (
				955692AC243087E4005CF750 /* ZQRefreshView.swift */,
			);
			path = View;
			sourceTree = "<group>";
		};
		955692AE2430CD79005CF750 /* Kingfisher */ = {
			isa = PBXGroup;
			children = (
				954402C62431974A00594C36 /* Resources */,
				955692AF2430CD81005CF750 /* Controller */,
			);
			path = Kingfisher;
			sourceTree = "<group>";
		};
		955692AF2430CD81005CF750 /* Controller */ = {
			isa = PBXGroup;
			children = (
				955692B02430CD9E005CF750 /* ZQKingfisherController.swift */,
			);
			path = Controller;
			sourceTree = "<group>";
		};
		955BF5FD24337CFA000AF568 /* Resources */ = {
			isa = PBXGroup;
			children = (
				95478B682446B2800042BCBA /* list_wark.png */,
				95399FEA24347A8B00991E39 /* detail_time@2x.png */,
				95399FE924347A8A00991E39 /* detail_time@3x.png */,
				95399FE62434709100991E39 /* detail_more_down@2x.png */,
				95399FE52434709100991E39 /* detail_more_down@3x.png */,
				955BF6112433879F000AF568 /* detail_like_selected@2x.png */,
				955BF6122433879F000AF568 /* detail_like_selected@3x.png */,
				955BF605243386E9000AF568 /* detail_comment@2x.png */,
				955BF606243386E9000AF568 /* detail_comment@3x.png */,
				955BF607243386E9000AF568 /* detail_like@2x.png */,
				955BF608243386E9000AF568 /* detail_like@3x.png */,
				955BF609243386E9000AF568 /* detail_watch@2x.png */,
				955BF60A243386EA000AF568 /* detail_watch@3x.png */,
				955BF5FF24337D42000AF568 /* detail_userType@2x.png */,
				955BF5FE24337D42000AF568 /* detail_userType@3x.png */,
			);
			path = Resources;
			sourceTree = "<group>";
		};
		955BF60224337E1D000AF568 /* Base */ = {
			isa = PBXGroup;
			children = (
				95324F03243345CB00C8A7ED /* ZQBaseASViewController.swift */,
				95657FA4243848C200AE21AF /* ZQBaseViewModel.swift */,
				95657FA92438578400AE21AF /* ZQBaseModel.swift */,
			);
			path = Base;
			sourceTree = "<group>";
		};
		955FC25C242F3B7200D724C7 /* Lottie */ = {
			isa = PBXGroup;
			children = (
				955FC260242F3E8800D724C7 /* Resources */,
				955FC25D242F3B7A00D724C7 /* Controller */,
			);
			path = Lottie;
			sourceTree = "<group>";
		};
		955FC25D242F3B7A00D724C7 /* Controller */ = {
			isa = PBXGroup;
			children = (
				955FC25E242F3C2800D724C7 /* ZQLottieController.swift */,
			);
			path = Controller;
			sourceTree = "<group>";
		};
		955FC260242F3E8800D724C7 /* Resources */ = {
			isa = PBXGroup;
			children = (
				955FC278242F82C300D724C7 /* 9squares-AlBoardman.json */,
				955FC276242F82C300D724C7 /* base64Test.json */,
				955FC277242F82C300D724C7 /* Boat_Loader.json */,
				955FC274242F82BF00D724C7 /* DisableNodesTest.json */,
				955FC271242F82BE00D724C7 /* FirstText.json */,
				955FC281242F82C700D724C7 /* GeometryTransformTest.json */,
				955FC27F242F82C600D724C7 /* HamburgerArrow.json */,
				955FC280242F82C700D724C7 /* IconTransitions.json */,
				955FC282242F82C700D724C7 /* Keypath.json */,
				955FC27B242F82C500D724C7 /* keypathTest.json */,
				955FC284242F82C700D724C7 /* LottieLogo1_masked.json */,
				955FC285242F82C800D724C7 /* LottieLogo1.json */,
				955FC27E242F82C600D724C7 /* LottieLogo2.json */,
				955FC275242F82C200D724C7 /* MotionCorpse-Jrcanest.json */,
				955FC272242F82BE00D724C7 /* PinJump.json */,
				955FC27A242F82C400D724C7 /* setValueTest.json */,
				955FC279242F82C400D724C7 /* Switch_States.json */,
				955FC283242F82C700D724C7 /* Switch.json */,
				955FC27D242F82C500D724C7 /* timeremap.json */,
				955FC27C242F82C500D724C7 /* TwitterHeart.json */,
				955FC273242F82BE00D724C7 /* TwitterHeartButton.json */,
				955FC267242F3EAE00D724C7 /* 3d_rotate_loading_animation.json */,
				955FC263242F3EAB00D724C7 /* 201-simple-loader.json */,
				955FC261242F3EAA00D724C7 /* 226-splashy-loader.json */,
				955FC262242F3EAA00D724C7 /* empty_status.json */,
				955FC268242F3EAF00D724C7 /* glow_loading.json */,
				955FC265242F3EAD00D724C7 /* loading_animation.json */,
				955FC264242F3EAC00D724C7 /* wallet_&_coin.json */,
			);
			path = Resources;
			sourceTree = "<group>";
		};
		95657FA62438499800AE21AF /* Protocol */ = {
			isa = PBXGroup;
			children = (
				95657FA724384A0F00AE21AF /* ZQPageFetchProtocol.swift */,
			);
			path = Protocol;
			sourceTree = "<group>";
		};
		9580D277243329E300296BED /* Node */ = {
			isa = PBXGroup;
			children = (
				955BF60324337E52000AF568 /* ZQCustomASNode.swift */,
				95478B662446A8310042BCBA /* ZQTextureListCellNode.swift */,
				9580D27824332A6700296BED /* ZQTextureHeaderNode.swift */,
				95399FE12434470B00991E39 /* ZQTextureRelationNode.swift */,
				95399FE324346D9100991E39 /* ZQTextureRelationCellNode.swift */,
				957322D62437373D00252A2A /* ZQTextureCommentNode.swift */,
				95657FAB243863EC00AE21AF /* ZQTextureCommentCellNode.swift */,
			);
			path = Node;
			sourceTree = "<group>";
		};
/* End PBXGroup section */

/* Begin PBXNativeTarget section */
		953CAFF024132EAC004C621D /* ZQOpenTools */ = {
			isa = PBXNativeTarget;
			buildConfigurationList = 953CB01B24132EAD004C621D /* Build configuration list for PBXNativeTarget "ZQOpenTools" */;
			buildPhases = (
				141B8138F9895E8DC95956D4 /* [CP] Check Pods Manifest.lock */,
				953CAFED24132EAC004C621D /* Sources */,
				953CAFEE24132EAC004C621D /* Frameworks */,
				953CAFEF24132EAC004C621D /* Resources */,
				761D78A65F9C1C0E1085CA22 /* [CP] Embed Pods Frameworks */,
			);
			buildRules = (
			);
			dependencies = (
			);
			name = ZQOpenTools;
			productName = ZQOpenTools;
			productReference = 953CAFF124132EAC004C621D /* ZQOpenTools.app */;
			productType = "com.apple.product-type.application";
		};
		953CB00624132EAD004C621D /* ZQOpenToolsTests */ = {
			isa = PBXNativeTarget;
			buildConfigurationList = 953CB01E24132EAD004C621D /* Build configuration list for PBXNativeTarget "ZQOpenToolsTests" */;
			buildPhases = (
				F0C8226C97AD3D32D65683C7 /* [CP] Check Pods Manifest.lock */,
				953CB00324132EAD004C621D /* Sources */,
				953CB00424132EAD004C621D /* Frameworks */,
				953CB00524132EAD004C621D /* Resources */,
			);
			buildRules = (
			);
			dependencies = (
				953CB00924132EAD004C621D /* PBXTargetDependency */,
			);
			name = ZQOpenToolsTests;
			productName = ZQOpenToolsTests;
			productReference = 953CB00724132EAD004C621D /* ZQOpenToolsTests.xctest */;
			productType = "com.apple.product-type.bundle.unit-test";
		};
		953CB01124132EAD004C621D /* ZQOpenToolsUITests */ = {
			isa = PBXNativeTarget;
			buildConfigurationList = 953CB02124132EAD004C621D /* Build configuration list for PBXNativeTarget "ZQOpenToolsUITests" */;
			buildPhases = (
				C6F648FAE84F83DCF78A6037 /* [CP] Check Pods Manifest.lock */,
				953CB00E24132EAD004C621D /* Sources */,
				953CB00F24132EAD004C621D /* Frameworks */,
				953CB01024132EAD004C621D /* Resources */,
				EA3BEDE92DE4444A268FEF49 /* [CP] Embed Pods Frameworks */,
			);
			buildRules = (
			);
			dependencies = (
				953CB01424132EAD004C621D /* PBXTargetDependency */,
			);
			name = ZQOpenToolsUITests;
			productName = ZQOpenToolsUITests;
			productReference = 953CB01224132EAD004C621D /* ZQOpenToolsUITests.xctest */;
			productType = "com.apple.product-type.bundle.ui-testing";
		};
/* End PBXNativeTarget section */

/* Begin PBXProject section */
		953CAFE924132EAC004C621D /* Project object */ = {
			isa = PBXProject;
			attributes = {
				LastSwiftUpdateCheck = 1130;
				LastUpgradeCheck = 1130;
				ORGANIZATIONNAME = Darren;
				TargetAttributes = {
					953CAFF024132EAC004C621D = {
						CreatedOnToolsVersion = 11.3.1;
					};
					953CB00624132EAD004C621D = {
						CreatedOnToolsVersion = 11.3.1;
						TestTargetID = 953CAFF024132EAC004C621D;
					};
					953CB01124132EAD004C621D = {
						CreatedOnToolsVersion = 11.3.1;
						TestTargetID = 953CAFF024132EAC004C621D;
					};
				};
			};
			buildConfigurationList = 953CAFEC24132EAC004C621D /* Build configuration list for PBXProject "ZQOpenTools" */;
			compatibilityVersion = "Xcode 9.3";
			developmentRegion = en;
			hasScannedForEncodings = 0;
			knownRegions = (
				en,
				Base,
			);
			mainGroup = 953CAFE824132EAC004C621D;
			productRefGroup = 953CAFF224132EAC004C621D /* Products */;
			projectDirPath = "";
			projectRoot = "";
			targets = (
				953CAFF024132EAC004C621D /* ZQOpenTools */,
				953CB00624132EAD004C621D /* ZQOpenToolsTests */,
				953CB01124132EAD004C621D /* ZQOpenToolsUITests */,
			);
		};
/* End PBXProject section */

/* Begin PBXResourcesBuildPhase section */
		953CAFEF24132EAC004C621D /* Resources */ = {
			isa = PBXResourcesBuildPhase;
			buildActionMask = 2147483647;
			files = (
				955FC26C242F3EB000D724C7 /* wallet_&_coin.json in Resources */,
				955FC295242F82C800D724C7 /* IconTransitions.json in Resources */,
				955BF6142433879F000AF568 /* detail_like_selected@3x.png in Resources */,
				955BF60B243386EA000AF568 /* detail_comment@2x.png in Resources */,
				95399FEC24347A8B00991E39 /* detail_time@2x.png in Resources */,
				955FC28A242F82C800D724C7 /* MotionCorpse-Jrcanest.json in Resources */,
				955FC28F242F82C800D724C7 /* setValueTest.json in Resources */,
				955BF6132433879F000AF568 /* detail_like_selected@2x.png in Resources */,
				955FC294242F82C800D724C7 /* HamburgerArrow.json in Resources */,
				95399FE82434709100991E39 /* detail_more_down@2x.png in Resources */,
				955FC298242F82C800D724C7 /* Switch.json in Resources */,
				955FC28B242F82C800D724C7 /* base64Test.json in Resources */,
				954402C92431978600594C36 /* placeholder@2x.png in Resources */,
				955FC297242F82C800D724C7 /* Keypath.json in Resources */,
				954402CA2431978600594C36 /* placeholder@3x.png in Resources */,
				955BF60E243386EA000AF568 /* detail_like@3x.png in Resources */,
				955FC287242F82C800D724C7 /* PinJump.json in Resources */,
				955BF60C243386EA000AF568 /* detail_comment@3x.png in Resources */,
				955FC28C242F82C800D724C7 /* Boat_Loader.json in Resources */,
				955FC291242F82C800D724C7 /* TwitterHeart.json in Resources */,
				955FC290242F82C800D724C7 /* keypathTest.json in Resources */,
				955FC28D242F82C800D724C7 /* 9squares-AlBoardman.json in Resources */,
				955FC29A242F82C800D724C7 /* LottieLogo1.json in Resources */,
				955FC289242F82C800D724C7 /* DisableNodesTest.json in Resources */,
				955FC288242F82C800D724C7 /* TwitterHeartButton.json in Resources */,
				955BF60124337D42000AF568 /* detail_userType@2x.png in Resources */,
				955FC270242F3EB000D724C7 /* glow_loading.json in Resources */,
				955BF60F243386EA000AF568 /* detail_watch@2x.png in Resources */,
				955FC26F242F3EB000D724C7 /* 3d_rotate_loading_animation.json in Resources */,
				953CB00124132EAD004C621D /* LaunchScreen.storyboard in Resources */,
				955BF610243386EA000AF568 /* detail_watch@3x.png in Resources */,
				953CAFFE24132EAD004C621D /* Assets.xcassets in Resources */,
				95399FEB24347A8B00991E39 /* detail_time@3x.png in Resources */,
				95478B692446B2800042BCBA /* list_wark.png in Resources */,
				955FC26D242F3EB000D724C7 /* loading_animation.json in Resources */,
				955FC296242F82C800D724C7 /* GeometryTransformTest.json in Resources */,
				955FC292242F82C800D724C7 /* timeremap.json in Resources */,
				955FC28E242F82C800D724C7 /* Switch_States.json in Resources */,
				955FC269242F3EB000D724C7 /* 226-splashy-loader.json in Resources */,
				955FC293242F82C800D724C7 /* LottieLogo2.json in Resources */,
				955FC286242F82C800D724C7 /* FirstText.json in Resources */,
				955FC26B242F3EB000D724C7 /* 201-simple-loader.json in Resources */,
				955BF60024337D42000AF568 /* detail_userType@3x.png in Resources */,
				95399FE72434709100991E39 /* detail_more_down@3x.png in Resources */,
				955FC299242F82C800D724C7 /* LottieLogo1_masked.json in Resources */,
				955BF60D243386EA000AF568 /* detail_like@2x.png in Resources */,
				955FC26A242F3EB000D724C7 /* empty_status.json in Resources */,
			);
			runOnlyForDeploymentPostprocessing = 0;
		};
		953CB00524132EAD004C621D /* Resources */ = {
			isa = PBXResourcesBuildPhase;
			buildActionMask = 2147483647;
			files = (
			);
			runOnlyForDeploymentPostprocessing = 0;
		};
		953CB01024132EAD004C621D /* Resources */ = {
			isa = PBXResourcesBuildPhase;
			buildActionMask = 2147483647;
			files = (
			);
			runOnlyForDeploymentPostprocessing = 0;
		};
/* End PBXResourcesBuildPhase section */

/* Begin PBXShellScriptBuildPhase section */
		141B8138F9895E8DC95956D4 /* [CP] Check Pods Manifest.lock */ = {
			isa = PBXShellScriptBuildPhase;
			buildActionMask = 2147483647;
			files = (
			);
			inputFileListPaths = (
			);
			inputPaths = (
				"${PODS_PODFILE_DIR_PATH}/Podfile.lock",
				"${PODS_ROOT}/Manifest.lock",
			);
			name = "[CP] Check Pods Manifest.lock";
			outputFileListPaths = (
			);
			outputPaths = (
				"$(DERIVED_FILE_DIR)/Pods-ZQOpenTools-checkManifestLockResult.txt",
			);
			runOnlyForDeploymentPostprocessing = 0;
			shellPath = /bin/sh;
			shellScript = "diff \"${PODS_PODFILE_DIR_PATH}/Podfile.lock\" \"${PODS_ROOT}/Manifest.lock\" > /dev/null\nif [ $? != 0 ] ; then\n    # print error to STDERR\n    echo \"error: The sandbox is not in sync with the Podfile.lock. Run 'pod install' or update your CocoaPods installation.\" >&2\n    exit 1\nfi\n# This output is used by Xcode 'outputs' to avoid re-running this script phase.\necho \"SUCCESS\" > \"${SCRIPT_OUTPUT_FILE_0}\"\n";
			showEnvVarsInLog = 0;
		};
		761D78A65F9C1C0E1085CA22 /* [CP] Embed Pods Frameworks */ = {
			isa = PBXShellScriptBuildPhase;
			buildActionMask = 2147483647;
			files = (
			);
			inputFileListPaths = (
				"${PODS_ROOT}/Target Support Files/Pods-ZQOpenTools/Pods-ZQOpenTools-frameworks-${CONFIGURATION}-input-files.xcfilelist",
			);
			name = "[CP] Embed Pods Frameworks";
			outputFileListPaths = (
				"${PODS_ROOT}/Target Support Files/Pods-ZQOpenTools/Pods-ZQOpenTools-frameworks-${CONFIGURATION}-output-files.xcfilelist",
			);
			runOnlyForDeploymentPostprocessing = 0;
			shellPath = /bin/sh;
			shellScript = "\"${PODS_ROOT}/Target Support Files/Pods-ZQOpenTools/Pods-ZQOpenTools-frameworks.sh\"\n";
			showEnvVarsInLog = 0;
		};
		C6F648FAE84F83DCF78A6037 /* [CP] Check Pods Manifest.lock */ = {
			isa = PBXShellScriptBuildPhase;
			buildActionMask = 2147483647;
			files = (
			);
			inputFileListPaths = (
			);
			inputPaths = (
				"${PODS_PODFILE_DIR_PATH}/Podfile.lock",
				"${PODS_ROOT}/Manifest.lock",
			);
			name = "[CP] Check Pods Manifest.lock";
			outputFileListPaths = (
			);
			outputPaths = (
				"$(DERIVED_FILE_DIR)/Pods-ZQOpenTools-ZQOpenToolsUITests-checkManifestLockResult.txt",
			);
			runOnlyForDeploymentPostprocessing = 0;
			shellPath = /bin/sh;
			shellScript = "diff \"${PODS_PODFILE_DIR_PATH}/Podfile.lock\" \"${PODS_ROOT}/Manifest.lock\" > /dev/null\nif [ $? != 0 ] ; then\n    # print error to STDERR\n    echo \"error: The sandbox is not in sync with the Podfile.lock. Run 'pod install' or update your CocoaPods installation.\" >&2\n    exit 1\nfi\n# This output is used by Xcode 'outputs' to avoid re-running this script phase.\necho \"SUCCESS\" > \"${SCRIPT_OUTPUT_FILE_0}\"\n";
			showEnvVarsInLog = 0;
		};
		EA3BEDE92DE4444A268FEF49 /* [CP] Embed Pods Frameworks */ = {
			isa = PBXShellScriptBuildPhase;
			buildActionMask = 2147483647;
			files = (
			);
			inputFileListPaths = (
				"${PODS_ROOT}/Target Support Files/Pods-ZQOpenTools-ZQOpenToolsUITests/Pods-ZQOpenTools-ZQOpenToolsUITests-frameworks-${CONFIGURATION}-input-files.xcfilelist",
			);
			name = "[CP] Embed Pods Frameworks";
			outputFileListPaths = (
				"${PODS_ROOT}/Target Support Files/Pods-ZQOpenTools-ZQOpenToolsUITests/Pods-ZQOpenTools-ZQOpenToolsUITests-frameworks-${CONFIGURATION}-output-files.xcfilelist",
			);
			runOnlyForDeploymentPostprocessing = 0;
			shellPath = /bin/sh;
			shellScript = "\"${PODS_ROOT}/Target Support Files/Pods-ZQOpenTools-ZQOpenToolsUITests/Pods-ZQOpenTools-ZQOpenToolsUITests-frameworks.sh\"\n";
			showEnvVarsInLog = 0;
		};
		F0C8226C97AD3D32D65683C7 /* [CP] Check Pods Manifest.lock */ = {
			isa = PBXShellScriptBuildPhase;
			buildActionMask = 2147483647;
			files = (
			);
			inputFileListPaths = (
			);
			inputPaths = (
				"${PODS_PODFILE_DIR_PATH}/Podfile.lock",
				"${PODS_ROOT}/Manifest.lock",
			);
			name = "[CP] Check Pods Manifest.lock";
			outputFileListPaths = (
			);
			outputPaths = (
				"$(DERIVED_FILE_DIR)/Pods-ZQOpenToolsTests-checkManifestLockResult.txt",
			);
			runOnlyForDeploymentPostprocessing = 0;
			shellPath = /bin/sh;
			shellScript = "diff \"${PODS_PODFILE_DIR_PATH}/Podfile.lock\" \"${PODS_ROOT}/Manifest.lock\" > /dev/null\nif [ $? != 0 ] ; then\n    # print error to STDERR\n    echo \"error: The sandbox is not in sync with the Podfile.lock. Run 'pod install' or update your CocoaPods installation.\" >&2\n    exit 1\nfi\n# This output is used by Xcode 'outputs' to avoid re-running this script phase.\necho \"SUCCESS\" > \"${SCRIPT_OUTPUT_FILE_0}\"\n";
			showEnvVarsInLog = 0;
		};
/* End PBXShellScriptBuildPhase section */

/* Begin PBXSourcesBuildPhase section */
		953CAFED24132EAC004C621D /* Sources */ = {
			isa = PBXSourcesBuildPhase;
			buildActionMask = 2147483647;
			files = (
				9580D27924332A6700296BED /* ZQTextureHeaderNode.swift in Sources */,
				954402CE2431CEB200594C36 /* ZQTextureController.swift in Sources */,
				95399FE424346D9100991E39 /* ZQTextureRelationCellNode.swift in Sources */,
				95657FAA2438578400AE21AF /* ZQBaseModel.swift in Sources */,
				955692B12430CD9E005CF750 /* ZQKingfisherController.swift in Sources */,
				95657FAC243863EC00AE21AF /* ZQTextureCommentCellNode.swift in Sources */,
				955BF60424337E52000AF568 /* ZQCustomASNode.swift in Sources */,
				957322D72437373D00252A2A /* ZQTextureCommentNode.swift in Sources */,
				953CB02924133A67004C621D /* ZQExtensions.swift in Sources */,
				953CAFF924132EAC004C621D /* ZQRootController.swift in Sources */,
				953CB03024134514004C621D /* ZQMoyaManager.swift in Sources */,
				9533AF5524161A7D00EE0BCF /* ZQMoyaAPI.swift in Sources */,
				9539A455243F249A00825901 /* ZQTextureDetailController.swift in Sources */,
				953CB027241334D3004C621D /* ZQHeader.swift in Sources */,
				953CAFF524132EAC004C621D /* ZQAppDelegate.swift in Sources */,
				95657FA5243848C200AE21AF /* ZQBaseViewModel.swift in Sources */,
				955692AD243087E4005CF750 /* ZQRefreshView.swift in Sources */,
				955692A72430463C005CF750 /* ZQRefreshController.swift in Sources */,
				9543AF60242EF4F800117032 /* ZQPromiseController.swift in Sources */,
				953CAFF724132EAC004C621D /* ZQSceneDelegate.swift in Sources */,
				9537556D242B537C00F9AC69 /* ZQPostModel.swift in Sources */,
				953DE6702433139D00E4A949 /* ZQTextureModel.swift in Sources */,
				955FC25F242F3C2800D724C7 /* ZQLottieController.swift in Sources */,
				953CB02524133356004C621D /* ZQBaseController.swift in Sources */,
				953DE6732433159100E4A949 /* ZQTextureViewModel.swift in Sources */,
				953CB02C24133DFF004C621D /* ZQMoyaController.swift in Sources */,
				9533AF58241641EC00EE0BCF /* Observable+HandyJSON.swift in Sources */,
				95399FE22434470B00991E39 /* ZQTextureRelationNode.swift in Sources */,
				95324F04243345CB00C8A7ED /* ZQBaseASViewController.swift in Sources */,
				95478B672446A8310042BCBA /* ZQTextureListCellNode.swift in Sources */,
				95657FA824384A0F00AE21AF /* ZQPageFetchProtocol.swift in Sources */,
			);
			runOnlyForDeploymentPostprocessing = 0;
		};
		953CB00324132EAD004C621D /* Sources */ = {
			isa = PBXSourcesBuildPhase;
			buildActionMask = 2147483647;
			files = (
				953CB00C24132EAD004C621D /* ZQOpenToolsTests.swift in Sources */,
			);
			runOnlyForDeploymentPostprocessing = 0;
		};
		953CB00E24132EAD004C621D /* Sources */ = {
			isa = PBXSourcesBuildPhase;
			buildActionMask = 2147483647;
			files = (
				953CB01724132EAD004C621D /* ZQOpenToolsUITests.swift in Sources */,
			);
			runOnlyForDeploymentPostprocessing = 0;
		};
/* End PBXSourcesBuildPhase section */

/* Begin PBXTargetDependency section */
		953CB00924132EAD004C621D /* PBXTargetDependency */ = {
			isa = PBXTargetDependency;
			target = 953CAFF024132EAC004C621D /* ZQOpenTools */;
			targetProxy = 953CB00824132EAD004C621D /* PBXContainerItemProxy */;
		};
		953CB01424132EAD004C621D /* PBXTargetDependency */ = {
			isa = PBXTargetDependency;
			target = 953CAFF024132EAC004C621D /* ZQOpenTools */;
			targetProxy = 953CB01324132EAD004C621D /* PBXContainerItemProxy */;
		};
/* End PBXTargetDependency section */

/* Begin PBXVariantGroup section */
		953CAFFF24132EAD004C621D /* LaunchScreen.storyboard */ = {
			isa = PBXVariantGroup;
			children = (
				953CB00024132EAD004C621D /* Base */,
			);
			name = LaunchScreen.storyboard;
			sourceTree = "<group>";
		};
/* End PBXVariantGroup section */

/* Begin XCBuildConfiguration section */
		953CB01924132EAD004C621D /* Debug */ = {
			isa = XCBuildConfiguration;
			buildSettings = {
				ALWAYS_SEARCH_USER_PATHS = NO;
				CLANG_ANALYZER_NONNULL = YES;
				CLANG_ANALYZER_NUMBER_OBJECT_CONVERSION = YES_AGGRESSIVE;
				CLANG_CXX_LANGUAGE_STANDARD = "gnu++14";
				CLANG_CXX_LIBRARY = "libc++";
				CLANG_ENABLE_MODULES = YES;
				CLANG_ENABLE_OBJC_ARC = YES;
				CLANG_ENABLE_OBJC_WEAK = YES;
				CLANG_WARN_BLOCK_CAPTURE_AUTORELEASING = YES;
				CLANG_WARN_BOOL_CONVERSION = YES;
				CLANG_WARN_COMMA = YES;
				CLANG_WARN_CONSTANT_CONVERSION = YES;
				CLANG_WARN_DEPRECATED_OBJC_IMPLEMENTATIONS = YES;
				CLANG_WARN_DIRECT_OBJC_ISA_USAGE = YES_ERROR;
				CLANG_WARN_DOCUMENTATION_COMMENTS = YES;
				CLANG_WARN_EMPTY_BODY = YES;
				CLANG_WARN_ENUM_CONVERSION = YES;
				CLANG_WARN_INFINITE_RECURSION = YES;
				CLANG_WARN_INT_CONVERSION = YES;
				CLANG_WARN_NON_LITERAL_NULL_CONVERSION = YES;
				CLANG_WARN_OBJC_IMPLICIT_RETAIN_SELF = YES;
				CLANG_WARN_OBJC_LITERAL_CONVERSION = YES;
				CLANG_WARN_OBJC_ROOT_CLASS = YES_ERROR;
				CLANG_WARN_RANGE_LOOP_ANALYSIS = YES;
				CLANG_WARN_STRICT_PROTOTYPES = YES;
				CLANG_WARN_SUSPICIOUS_MOVE = YES;
				CLANG_WARN_UNGUARDED_AVAILABILITY = YES_AGGRESSIVE;
				CLANG_WARN_UNREACHABLE_CODE = YES;
				CLANG_WARN__DUPLICATE_METHOD_MATCH = YES;
				COPY_PHASE_STRIP = NO;
				DEBUG_INFORMATION_FORMAT = dwarf;
				ENABLE_STRICT_OBJC_MSGSEND = YES;
				ENABLE_TESTABILITY = YES;
				GCC_C_LANGUAGE_STANDARD = gnu11;
				GCC_DYNAMIC_NO_PIC = NO;
				GCC_NO_COMMON_BLOCKS = YES;
				GCC_OPTIMIZATION_LEVEL = 0;
				GCC_PREPROCESSOR_DEFINITIONS = (
					"DEBUG=1",
					"$(inherited)",
				);
				GCC_WARN_64_TO_32_BIT_CONVERSION = YES;
				GCC_WARN_ABOUT_RETURN_TYPE = YES_ERROR;
				GCC_WARN_UNDECLARED_SELECTOR = YES;
				GCC_WARN_UNINITIALIZED_AUTOS = YES_AGGRESSIVE;
				GCC_WARN_UNUSED_FUNCTION = YES;
				GCC_WARN_UNUSED_VARIABLE = YES;
				IPHONEOS_DEPLOYMENT_TARGET = 13.2;
				MTL_ENABLE_DEBUG_INFO = INCLUDE_SOURCE;
				MTL_FAST_MATH = YES;
				ONLY_ACTIVE_ARCH = YES;
				SDKROOT = iphoneos;
				SWIFT_ACTIVE_COMPILATION_CONDITIONS = DEBUG;
				SWIFT_OPTIMIZATION_LEVEL = "-Onone";
			};
			name = Debug;
		};
		953CB01A24132EAD004C621D /* Release */ = {
			isa = XCBuildConfiguration;
			buildSettings = {
				ALWAYS_SEARCH_USER_PATHS = NO;
				CLANG_ANALYZER_NONNULL = YES;
				CLANG_ANALYZER_NUMBER_OBJECT_CONVERSION = YES_AGGRESSIVE;
				CLANG_CXX_LANGUAGE_STANDARD = "gnu++14";
				CLANG_CXX_LIBRARY = "libc++";
				CLANG_ENABLE_MODULES = YES;
				CLANG_ENABLE_OBJC_ARC = YES;
				CLANG_ENABLE_OBJC_WEAK = YES;
				CLANG_WARN_BLOCK_CAPTURE_AUTORELEASING = YES;
				CLANG_WARN_BOOL_CONVERSION = YES;
				CLANG_WARN_COMMA = YES;
				CLANG_WARN_CONSTANT_CONVERSION = YES;
				CLANG_WARN_DEPRECATED_OBJC_IMPLEMENTATIONS = YES;
				CLANG_WARN_DIRECT_OBJC_ISA_USAGE = YES_ERROR;
				CLANG_WARN_DOCUMENTATION_COMMENTS = YES;
				CLANG_WARN_EMPTY_BODY = YES;
				CLANG_WARN_ENUM_CONVERSION = YES;
				CLANG_WARN_INFINITE_RECURSION = YES;
				CLANG_WARN_INT_CONVERSION = YES;
				CLANG_WARN_NON_LITERAL_NULL_CONVERSION = YES;
				CLANG_WARN_OBJC_IMPLICIT_RETAIN_SELF = YES;
				CLANG_WARN_OBJC_LITERAL_CONVERSION = YES;
				CLANG_WARN_OBJC_ROOT_CLASS = YES_ERROR;
				CLANG_WARN_RANGE_LOOP_ANALYSIS = YES;
				CLANG_WARN_STRICT_PROTOTYPES = YES;
				CLANG_WARN_SUSPICIOUS_MOVE = YES;
				CLANG_WARN_UNGUARDED_AVAILABILITY = YES_AGGRESSIVE;
				CLANG_WARN_UNREACHABLE_CODE = YES;
				CLANG_WARN__DUPLICATE_METHOD_MATCH = YES;
				COPY_PHASE_STRIP = NO;
				DEBUG_INFORMATION_FORMAT = "dwarf-with-dsym";
				ENABLE_NS_ASSERTIONS = NO;
				ENABLE_STRICT_OBJC_MSGSEND = YES;
				GCC_C_LANGUAGE_STANDARD = gnu11;
				GCC_NO_COMMON_BLOCKS = YES;
				GCC_WARN_64_TO_32_BIT_CONVERSION = YES;
				GCC_WARN_ABOUT_RETURN_TYPE = YES_ERROR;
				GCC_WARN_UNDECLARED_SELECTOR = YES;
				GCC_WARN_UNINITIALIZED_AUTOS = YES_AGGRESSIVE;
				GCC_WARN_UNUSED_FUNCTION = YES;
				GCC_WARN_UNUSED_VARIABLE = YES;
				IPHONEOS_DEPLOYMENT_TARGET = 13.2;
				MTL_ENABLE_DEBUG_INFO = NO;
				MTL_FAST_MATH = YES;
				SDKROOT = iphoneos;
				SWIFT_COMPILATION_MODE = wholemodule;
				SWIFT_OPTIMIZATION_LEVEL = "-O";
				VALIDATE_PRODUCT = YES;
			};
			name = Release;
		};
		953CB01C24132EAD004C621D /* Debug */ = {
			isa = XCBuildConfiguration;
			baseConfigurationReference = E309CD568ABDA4F87E661A80 /* Pods-ZQOpenTools.debug.xcconfig */;
			buildSettings = {
				ASSETCATALOG_COMPILER_APPICON_NAME = AppIcon;
				CODE_SIGN_STYLE = Automatic;
				INFOPLIST_FILE = ZQOpenTools/Info.plist;
				IPHONEOS_DEPLOYMENT_TARGET = 13.0;
				LD_RUNPATH_SEARCH_PATHS = (
					"$(inherited)",
					"@executable_path/Frameworks",
				);
				PRODUCT_BUNDLE_IDENTIFIER = darren.ZQOpenTools;
				PRODUCT_NAME = "$(TARGET_NAME)";
				SWIFT_VERSION = 5.0;
				TARGETED_DEVICE_FAMILY = "1,2";
				USER_HEADER_SEARCH_PATHS = "";
			};
			name = Debug;
		};
		953CB01D24132EAD004C621D /* Release */ = {
			isa = XCBuildConfiguration;
			baseConfigurationReference = 4EFB7134EDCDDB9756A0598B /* Pods-ZQOpenTools.release.xcconfig */;
			buildSettings = {
				ASSETCATALOG_COMPILER_APPICON_NAME = AppIcon;
				CODE_SIGN_STYLE = Automatic;
				INFOPLIST_FILE = ZQOpenTools/Info.plist;
				IPHONEOS_DEPLOYMENT_TARGET = 13.0;
				LD_RUNPATH_SEARCH_PATHS = (
					"$(inherited)",
					"@executable_path/Frameworks",
				);
				PRODUCT_BUNDLE_IDENTIFIER = darren.ZQOpenTools;
				PRODUCT_NAME = "$(TARGET_NAME)";
				SWIFT_VERSION = 5.0;
				TARGETED_DEVICE_FAMILY = "1,2";
				USER_HEADER_SEARCH_PATHS = "";
			};
			name = Release;
		};
		953CB01F24132EAD004C621D /* Debug */ = {
			isa = XCBuildConfiguration;
			baseConfigurationReference = 549C13D5C1E994296B3A8D5A /* Pods-ZQOpenToolsTests.debug.xcconfig */;
			buildSettings = {
				ALWAYS_EMBED_SWIFT_STANDARD_LIBRARIES = YES;
				BUNDLE_LOADER = "$(TEST_HOST)";
				CODE_SIGN_STYLE = Automatic;
				INFOPLIST_FILE = ZQOpenToolsTests/Info.plist;
				IPHONEOS_DEPLOYMENT_TARGET = 13.2;
				LD_RUNPATH_SEARCH_PATHS = (
					"$(inherited)",
					"@executable_path/Frameworks",
					"@loader_path/Frameworks",
				);
				PRODUCT_BUNDLE_IDENTIFIER = darren.ZQOpenToolsTests;
				PRODUCT_NAME = "$(TARGET_NAME)";
				SWIFT_VERSION = 5.0;
				TARGETED_DEVICE_FAMILY = "1,2";
				TEST_HOST = "$(BUILT_PRODUCTS_DIR)/ZQOpenTools.app/ZQOpenTools";
			};
			name = Debug;
		};
		953CB02024132EAD004C621D /* Release */ = {
			isa = XCBuildConfiguration;
			baseConfigurationReference = A0E6C907DDAEDA9CA1812FF6 /* Pods-ZQOpenToolsTests.release.xcconfig */;
			buildSettings = {
				ALWAYS_EMBED_SWIFT_STANDARD_LIBRARIES = YES;
				BUNDLE_LOADER = "$(TEST_HOST)";
				CODE_SIGN_STYLE = Automatic;
				INFOPLIST_FILE = ZQOpenToolsTests/Info.plist;
				IPHONEOS_DEPLOYMENT_TARGET = 13.2;
				LD_RUNPATH_SEARCH_PATHS = (
					"$(inherited)",
					"@executable_path/Frameworks",
					"@loader_path/Frameworks",
				);
				PRODUCT_BUNDLE_IDENTIFIER = darren.ZQOpenToolsTests;
				PRODUCT_NAME = "$(TARGET_NAME)";
				SWIFT_VERSION = 5.0;
				TARGETED_DEVICE_FAMILY = "1,2";
				TEST_HOST = "$(BUILT_PRODUCTS_DIR)/ZQOpenTools.app/ZQOpenTools";
			};
			name = Release;
		};
		953CB02224132EAD004C621D /* Debug */ = {
			isa = XCBuildConfiguration;
			baseConfigurationReference = 69722F1D5295163C3D706BDD /* Pods-ZQOpenTools-ZQOpenToolsUITests.debug.xcconfig */;
			buildSettings = {
				ALWAYS_EMBED_SWIFT_STANDARD_LIBRARIES = YES;
				CODE_SIGN_STYLE = Automatic;
				INFOPLIST_FILE = ZQOpenToolsUITests/Info.plist;
				LD_RUNPATH_SEARCH_PATHS = (
					"$(inherited)",
					"@executable_path/Frameworks",
					"@loader_path/Frameworks",
				);
				PRODUCT_BUNDLE_IDENTIFIER = darren.ZQOpenToolsUITests;
				PRODUCT_NAME = "$(TARGET_NAME)";
				SWIFT_VERSION = 5.0;
				TARGETED_DEVICE_FAMILY = "1,2";
				TEST_TARGET_NAME = ZQOpenTools;
			};
			name = Debug;
		};
		953CB02324132EAD004C621D /* Release */ = {
			isa = XCBuildConfiguration;
			baseConfigurationReference = 2489674F78964752DDB93665 /* Pods-ZQOpenTools-ZQOpenToolsUITests.release.xcconfig */;
			buildSettings = {
				ALWAYS_EMBED_SWIFT_STANDARD_LIBRARIES = YES;
				CODE_SIGN_STYLE = Automatic;
				INFOPLIST_FILE = ZQOpenToolsUITests/Info.plist;
				LD_RUNPATH_SEARCH_PATHS = (
					"$(inherited)",
					"@executable_path/Frameworks",
					"@loader_path/Frameworks",
				);
				PRODUCT_BUNDLE_IDENTIFIER = darren.ZQOpenToolsUITests;
				PRODUCT_NAME = "$(TARGET_NAME)";
				SWIFT_VERSION = 5.0;
				TARGETED_DEVICE_FAMILY = "1,2";
				TEST_TARGET_NAME = ZQOpenTools;
			};
			name = Release;
		};
/* End XCBuildConfiguration section */

/* Begin XCConfigurationList section */
		953CAFEC24132EAC004C621D /* Build configuration list for PBXProject "ZQOpenTools" */ = {
			isa = XCConfigurationList;
			buildConfigurations = (
				953CB01924132EAD004C621D /* Debug */,
				953CB01A24132EAD004C621D /* Release */,
			);
			defaultConfigurationIsVisible = 0;
			defaultConfigurationName = Release;
		};
		953CB01B24132EAD004C621D /* Build configuration list for PBXNativeTarget "ZQOpenTools" */ = {
			isa = XCConfigurationList;
			buildConfigurations = (
				953CB01C24132EAD004C621D /* Debug */,
				953CB01D24132EAD004C621D /* Release */,
			);
			defaultConfigurationIsVisible = 0;
			defaultConfigurationName = Release;
		};
		953CB01E24132EAD004C621D /* Build configuration list for PBXNativeTarget "ZQOpenToolsTests" */ = {
			isa = XCConfigurationList;
			buildConfigurations = (
				953CB01F24132EAD004C621D /* Debug */,
				953CB02024132EAD004C621D /* Release */,
			);
			defaultConfigurationIsVisible = 0;
			defaultConfigurationName = Release;
		};
		953CB02124132EAD004C621D /* Build configuration list for PBXNativeTarget "ZQOpenToolsUITests" */ = {
			isa = XCConfigurationList;
			buildConfigurations = (
				953CB02224132EAD004C621D /* Debug */,
				953CB02324132EAD004C621D /* Release */,
			);
			defaultConfigurationIsVisible = 0;
			defaultConfigurationName = Release;
		};
/* End XCConfigurationList section */
	};
	rootObject = 953CAFE924132EAC004C621D /* Project object */;
}
